{
  "requires": true,
  "lockfileVersion": 1,
  "dependencies": {
    "simpleblogsearch": {
      "version": "0.0.6",
      "resolved": "https://registry.npmjs.org/simpleblogsearch/-/simpleblogsearch-0.0.6.tgz",
      "integrity": "sha512-5um6VXGrNFAh5ikU40ZV4T0MgSVdPU5wwLT0bwQhDBEkXGdCl1RtJ/NEPxEZ1mOxksLDOKc9o2SQHMZqiETUqg=="
    }
  }
}
