{
  "requires": true,
  "lockfileVersion": 1,
  "dependencies": {
    "simpleblogsearch": {
      "version": "0.0.4",
      "resolved": "https://registry.npmjs.org/simpleblogsearch/-/simpleblogsearch-0.0.4.tgz",
      "integrity": "sha512-ipdzUpPa3o2SG43VSEAvwIwTHBtfEc+b16bKA0XTJ1yurGk2upM6Y35MRlclynBjNlTEVuLnQdQEQUEM11Cyjg=="
    }
  }
}
