{
  "requires": true,
  "lockfileVersion": 1,
  "dependencies": {
    "simpleblogsearch": {
      "version": "0.0.5",
      "resolved": "https://registry.npmjs.org/simpleblogsearch/-/simpleblogsearch-0.0.5.tgz",
      "integrity": "sha512-JC3V4/5S/IPJcXIwfuqRh+IRrfUCFhjxiYzaNaW+iyu4faHpg1c5SIeOl8wAakwuBFBvGn3nxNug0WzY94Mx0g=="
    }
  }
}
